// !$*UTF8*$!
{
	archiveVersion = 1;
	classes = {
	};
	objectVersion = 55;
	objects = {

/* Begin PBXBuildFile section */
		5AFC89FD286180DA00A2BFD7 /* CitiZenApp.swift in Sources */ = {isa = PBXBuildFile; fileRef = 5AFC89FC286180DA00A2BFD7 /* CitiZenApp.swift */; };
		5AFC89FF286180DA00A2BFD7 /* MapView.swift in Sources */ = {isa = PBXBuildFile; fileRef = 5AFC89FE286180DA00A2BFD7 /* MapView.swift */; };
		5AFC8A01286180DC00A2BFD7 /* Assets.xcassets in Resources */ = {isa = PBXBuildFile; fileRef = 5AFC8A00286180DC00A2BFD7 /* Assets.xcassets */; };
		5AFC8A04286180DC00A2BFD7 /* Preview Assets.xcassets in Resources */ = {isa = PBXBuildFile; fileRef = 5AFC8A03286180DC00A2BFD7 /* Preview Assets.xcassets */; };
		5AFC8A0D2862186A00A2BFD7 /* MapViewModel.swift in Sources */ = {isa = PBXBuildFile; fileRef = 5AFC8A0C2862186A00A2BFD7 /* MapViewModel.swift */; };
		5AFC8A1128621FA400A2BFD7 /* Constants.swift in Sources */ = {isa = PBXBuildFile; fileRef = 5AFC8A1028621FA400A2BFD7 /* Constants.swift */; };
		5AFC8A142862C48700A2BFD7 /* SavedLocationsDataModel.xcdatamodeld in Sources */ = {isa = PBXBuildFile; fileRef = 5AFC8A122862C48700A2BFD7 /* SavedLocationsDataModel.xcdatamodeld */; };
		5AFC8A162863214D00A2BFD7 /* SavedLocationsViewModel.swift in Sources */ = {isa = PBXBuildFile; fileRef = 5AFC8A152863214D00A2BFD7 /* SavedLocationsViewModel.swift */; };
		5AFC8A18286549AC00A2BFD7 /* CustomBottomSheet.swift in Sources */ = {isa = PBXBuildFile; fileRef = 5AFC8A17286549AC00A2BFD7 /* CustomBottomSheet.swift */; };
		5AFC8A1A28654A1800A2BFD7 /* BlurView.swift in Sources */ = {isa = PBXBuildFile; fileRef = 5AFC8A1928654A1800A2BFD7 /* BlurView.swift */; };
		5AFC8A1C28654A3900A2BFD7 /* CustomEdge.swift in Sources */ = {isa = PBXBuildFile; fileRef = 5AFC8A1B28654A3900A2BFD7 /* CustomEdge.swift */; };
		E200335B2869637900459F4B /* data.json in Resources */ = {isa = PBXBuildFile; fileRef = E200335A2869637900459F4B /* data.json */; };
		E2967AE8286401B800168F83 /* DetailView.swift in Sources */ = {isa = PBXBuildFile; fileRef = E2967AE7286401B800168F83 /* DetailView.swift */; };
/* End PBXBuildFile section */

/* Begin PBXFileReference section */
		5AFC89F9286180DA00A2BFD7 /* CitiZen.app */ = {isa = PBXFileReference; explicitFileType = wrapper.application; includeInIndex = 0; path = CitiZen.app; sourceTree = BUILT_PRODUCTS_DIR; };
		5AFC89FC286180DA00A2BFD7 /* CitiZenApp.swift */ = {isa = PBXFileReference; lastKnownFileType = sourcecode.swift; path = CitiZenApp.swift; sourceTree = "<group>"; };
		5AFC89FE286180DA00A2BFD7 /* MapView.swift */ = {isa = PBXFileReference; lastKnownFileType = sourcecode.swift; path = MapView.swift; sourceTree = "<group>"; };
		5AFC8A00286180DC00A2BFD7 /* Assets.xcassets */ = {isa = PBXFileReference; lastKnownFileType = folder.assetcatalog; path = Assets.xcassets; sourceTree = "<group>"; };
		5AFC8A03286180DC00A2BFD7 /* Preview Assets.xcassets */ = {isa = PBXFileReference; lastKnownFileType = folder.assetcatalog; path = "Preview Assets.xcassets"; sourceTree = "<group>"; };
		5AFC8A0C2862186A00A2BFD7 /* MapViewModel.swift */ = {isa = PBXFileReference; lastKnownFileType = sourcecode.swift; path = MapViewModel.swift; sourceTree = "<group>"; };
		5AFC8A1028621FA400A2BFD7 /* Constants.swift */ = {isa = PBXFileReference; lastKnownFileType = sourcecode.swift; path = Constants.swift; sourceTree = "<group>"; };
		5AFC8A132862C48700A2BFD7 /* SavedLocationDataModel.xcdatamodel */ = {isa = PBXFileReference; lastKnownFileType = wrapper.xcdatamodel; path = SavedLocationDataModel.xcdatamodel; sourceTree = "<group>"; };
		5AFC8A152863214D00A2BFD7 /* SavedLocationsViewModel.swift */ = {isa = PBXFileReference; lastKnownFileType = sourcecode.swift; path = SavedLocationsViewModel.swift; sourceTree = "<group>"; };
		5AFC8A17286549AC00A2BFD7 /* CustomBottomSheet.swift */ = {isa = PBXFileReference; lastKnownFileType = sourcecode.swift; path = CustomBottomSheet.swift; sourceTree = "<group>"; };
		5AFC8A1928654A1800A2BFD7 /* BlurView.swift */ = {isa = PBXFileReference; lastKnownFileType = sourcecode.swift; path = BlurView.swift; sourceTree = "<group>"; };
		5AFC8A1B28654A3900A2BFD7 /* CustomEdge.swift */ = {isa = PBXFileReference; lastKnownFileType = sourcecode.swift; path = CustomEdge.swift; sourceTree = "<group>"; };
		E200335A2869637900459F4B /* data.json */ = {isa = PBXFileReference; fileEncoding = 4; lastKnownFileType = text.json; path = data.json; sourceTree = "<group>"; };
		E2967AE7286401B800168F83 /* DetailView.swift */ = {isa = PBXFileReference; lastKnownFileType = sourcecode.swift; path = DetailView.swift; sourceTree = "<group>"; };
/* End PBXFileReference section */

/* Begin PBXFrameworksBuildPhase section */
		5AFC89F6286180DA00A2BFD7 /* Frameworks */ = {
			isa = PBXFrameworksBuildPhase;
			buildActionMask = 2147483647;
			files = (
			);
			runOnlyForDeploymentPostprocessing = 0;
		};
/* End PBXFrameworksBuildPhase section */

/* Begin PBXGroup section */
		5AFC89F0286180DA00A2BFD7 = {
			isa = PBXGroup;
			children = (
				5AFC89FB286180DA00A2BFD7 /* CitiZen */,
				5AFC89FA286180DA00A2BFD7 /* Products */,
			);
			sourceTree = "<group>";
		};
		5AFC89FA286180DA00A2BFD7 /* Products */ = {
			isa = PBXGroup;
			children = (
				5AFC89F9286180DA00A2BFD7 /* CitiZen.app */,
			);
			name = Products;
			sourceTree = "<group>";
		};
		5AFC89FB286180DA00A2BFD7 /* CitiZen */ = {
			isa = PBXGroup;
			children = (
				5AFC8A0E28621F7C00A2BFD7 /* Model */,
				5AFC8A0B2862185B00A2BFD7 /* ViewModel */,
				5AFC8A0A2861F53E00A2BFD7 /* View */,
				5AFC89FC286180DA00A2BFD7 /* CitiZenApp.swift */,
				5AFC8A00286180DC00A2BFD7 /* Assets.xcassets */,
				E200335A2869637900459F4B /* data.json */,
				5AFC8A02286180DC00A2BFD7 /* Preview Content */,
			);
			path = CitiZen;
			sourceTree = "<group>";
		};
		5AFC8A02286180DC00A2BFD7 /* Preview Content */ = {
			isa = PBXGroup;
			children = (
				5AFC8A03286180DC00A2BFD7 /* Preview Assets.xcassets */,
			);
			path = "Preview Content";
			sourceTree = "<group>";
		};
		5AFC8A0A2861F53E00A2BFD7 /* View */ = {
			isa = PBXGroup;
			children = (
				5AFC89FE286180DA00A2BFD7 /* MapView.swift */,
				E2967AE7286401B800168F83 /* DetailView.swift */,
				5AFC8A17286549AC00A2BFD7 /* CustomBottomSheet.swift */,
				5AFC8A1928654A1800A2BFD7 /* BlurView.swift */,
				5AFC8A1B28654A3900A2BFD7 /* CustomEdge.swift */,
			);
			path = View;
			sourceTree = "<group>";
		};
		5AFC8A0B2862185B00A2BFD7 /* ViewModel */ = {
			isa = PBXGroup;
			children = (
				5AFC8A0C2862186A00A2BFD7 /* MapViewModel.swift */,
				5AFC8A152863214D00A2BFD7 /* SavedLocationsViewModel.swift */,
			);
			path = ViewModel;
			sourceTree = "<group>";
		};
		5AFC8A0E28621F7C00A2BFD7 /* Model */ = {
			isa = PBXGroup;
			children = (
				5AFC8A1028621FA400A2BFD7 /* Constants.swift */,
				5AFC8A122862C48700A2BFD7 /* SavedLocationsDataModel.xcdatamodeld */,
			);
			path = Model;
			sourceTree = "<group>";
		};
/* End PBXGroup section */

/* Begin PBXNativeTarget section */
		5AFC89F8286180DA00A2BFD7 /* CitiZen */ = {
			isa = PBXNativeTarget;
			buildConfigurationList = 5AFC8A07286180DC00A2BFD7 /* Build configuration list for PBXNativeTarget "CitiZen" */;
			buildPhases = (
				5AFC89F5286180DA00A2BFD7 /* Sources */,
				5AFC89F6286180DA00A2BFD7 /* Frameworks */,
				5AFC89F7286180DA00A2BFD7 /* Resources */,
			);
			buildRules = (
			);
			dependencies = (
			);
			name = CitiZen;
			packageProductDependencies = (
			);
			productName = CitiZen;
			productReference = 5AFC89F9286180DA00A2BFD7 /* CitiZen.app */;
			productType = "com.apple.product-type.application";
		};
/* End PBXNativeTarget section */

/* Begin PBXProject section */
		5AFC89F1286180DA00A2BFD7 /* Project object */ = {
			isa = PBXProject;
			attributes = {
				BuildIndependentTargetsInParallel = 1;
				LastSwiftUpdateCheck = 1340;
				LastUpgradeCheck = 1340;
				TargetAttributes = {
					5AFC89F8286180DA00A2BFD7 = {
						CreatedOnToolsVersion = 13.4.1;
					};
				};
			};
			buildConfigurationList = 5AFC89F4286180DA00A2BFD7 /* Build configuration list for PBXProject "CitiZen" */;
			compatibilityVersion = "Xcode 13.0";
			developmentRegion = en;
			hasScannedForEncodings = 0;
			knownRegions = (
				en,
				Base,
			);
			mainGroup = 5AFC89F0286180DA00A2BFD7;
			packageReferences = (
			);
			productRefGroup = 5AFC89FA286180DA00A2BFD7 /* Products */;
			projectDirPath = "";
			projectRoot = "";
			targets = (
				5AFC89F8286180DA00A2BFD7 /* CitiZen */,
			);
		};
/* End PBXProject section */

/* Begin PBXResourcesBuildPhase section */
		5AFC89F7286180DA00A2BFD7 /* Resources */ = {
			isa = PBXResourcesBuildPhase;
			buildActionMask = 2147483647;
			files = (
				5AFC8A04286180DC00A2BFD7 /* Preview Assets.xcassets in Resources */,
				E200335B2869637900459F4B /* data.json in Resources */,
				5AFC8A01286180DC00A2BFD7 /* Assets.xcassets in Resources */,
			);
			runOnlyForDeploymentPostprocessing = 0;
		};
/* End PBXResourcesBuildPhase section */

/* Begin PBXSourcesBuildPhase section */
		5AFC89F5286180DA00A2BFD7 /* Sources */ = {
			isa = PBXSourcesBuildPhase;
			buildActionMask = 2147483647;
			files = (
				5AFC89FF286180DA00A2BFD7 /* MapView.swift in Sources */,
				5AFC8A1A28654A1800A2BFD7 /* BlurView.swift in Sources */,
				5AFC89FD286180DA00A2BFD7 /* CitiZenApp.swift in Sources */,
				5AFC8A0D2862186A00A2BFD7 /* MapViewModel.swift in Sources */,
				E2967AE8286401B800168F83 /* DetailView.swift in Sources */,
				5AFC8A142862C48700A2BFD7 /* SavedLocationsDataModel.xcdatamodeld in Sources */,
				5AFC8A1C28654A3900A2BFD7 /* CustomEdge.swift in Sources */,
				5AFC8A1128621FA400A2BFD7 /* Constants.swift in Sources */,
				5AFC8A162863214D00A2BFD7 /* SavedLocationsViewModel.swift in Sources */,
				5AFC8A18286549AC00A2BFD7 /* CustomBottomSheet.swift in Sources */,
			);
			runOnlyForDeploymentPostprocessing = 0;
		};
/* End PBXSourcesBuildPhase section */

/* Begin XCBuildConfiguration section */
		5AFC8A05286180DC00A2BFD7 /* Debug */ = {
			isa = XCBuildConfiguration;
			buildSettings = {
				ALWAYS_SEARCH_USER_PATHS = NO;
				CLANG_ANALYZER_NONNULL = YES;
				CLANG_ANALYZER_NUMBER_OBJECT_CONVERSION = YES_AGGRESSIVE;
				CLANG_CXX_LANGUAGE_STANDARD = "gnu++17";
				CLANG_ENABLE_MODULES = YES;
				CLANG_ENABLE_OBJC_ARC = YES;
				CLANG_ENABLE_OBJC_WEAK = YES;
				CLANG_WARN_BLOCK_CAPTURE_AUTORELEASING = YES;
				CLANG_WARN_BOOL_CONVERSION = YES;
				CLANG_WARN_COMMA = YES;
				CLANG_WARN_CONSTANT_CONVERSION = YES;
				CLANG_WARN_DEPRECATED_OBJC_IMPLEMENTATIONS = YES;
				CLANG_WARN_DIRECT_OBJC_ISA_USAGE = YES_ERROR;
				CLANG_WARN_DOCUMENTATION_COMMENTS = YES;
				CLANG_WARN_EMPTY_BODY = YES;
				CLANG_WARN_ENUM_CONVERSION = YES;
				CLANG_WARN_INFINITE_RECURSION = YES;
				CLANG_WARN_INT_CONVERSION = YES;
				CLANG_WARN_NON_LITERAL_NULL_CONVERSION = YES;
				CLANG_WARN_OBJC_IMPLICIT_RETAIN_SELF = YES;
				CLANG_WARN_OBJC_LITERAL_CONVERSION = YES;
				CLANG_WARN_OBJC_ROOT_CLASS = YES_ERROR;
				CLANG_WARN_QUOTED_INCLUDE_IN_FRAMEWORK_HEADER = YES;
				CLANG_WARN_RANGE_LOOP_ANALYSIS = YES;
				CLANG_WARN_STRICT_PROTOTYPES = YES;
				CLANG_WARN_SUSPICIOUS_MOVE = YES;
				CLANG_WARN_UNGUARDED_AVAILABILITY = YES_AGGRESSIVE;
				CLANG_WARN_UNREACHABLE_CODE = YES;
				CLANG_WARN__DUPLICATE_METHOD_MATCH = YES;
				COPY_PHASE_STRIP = NO;
				DEBUG_INFORMATION_FORMAT = dwarf;
				ENABLE_STRICT_OBJC_MSGSEND = YES;
				ENABLE_TESTABILITY = YES;
				GCC_C_LANGUAGE_STANDARD = gnu11;
				GCC_DYNAMIC_NO_PIC = NO;
				GCC_NO_COMMON_BLOCKS = YES;
				GCC_OPTIMIZATION_LEVEL = 0;
				GCC_PREPROCESSOR_DEFINITIONS = (
					"DEBUG=1",
					"$(inherited)",
				);
				GCC_WARN_64_TO_32_BIT_CONVERSION = YES;
				GCC_WARN_ABOUT_RETURN_TYPE = YES_ERROR;
				GCC_WARN_UNDECLARED_SELECTOR = YES;
				GCC_WARN_UNINITIALIZED_AUTOS = YES_AGGRESSIVE;
				GCC_WARN_UNUSED_FUNCTION = YES;
				GCC_WARN_UNUSED_VARIABLE = YES;
				IPHONEOS_DEPLOYMENT_TARGET = 15.5;
				MTL_ENABLE_DEBUG_INFO = INCLUDE_SOURCE;
				MTL_FAST_MATH = YES;
				ONLY_ACTIVE_ARCH = YES;
				SDKROOT = iphoneos;
				SWIFT_ACTIVE_COMPILATION_CONDITIONS = DEBUG;
				SWIFT_OPTIMIZATION_LEVEL = "-Onone";
			};
			name = Debug;
		};
		5AFC8A06286180DC00A2BFD7 /* Release */ = {
			isa = XCBuildConfiguration;
			buildSettings = {
				ALWAYS_SEARCH_USER_PATHS = NO;
				CLANG_ANALYZER_NONNULL = YES;
				CLANG_ANALYZER_NUMBER_OBJECT_CONVERSION = YES_AGGRESSIVE;
				CLANG_CXX_LANGUAGE_STANDARD = "gnu++17";
				CLANG_ENABLE_MODULES = YES;
				CLANG_ENABLE_OBJC_ARC = YES;
				CLANG_ENABLE_OBJC_WEAK = YES;
				CLANG_WARN_BLOCK_CAPTURE_AUTORELEASING = YES;
				CLANG_WARN_BOOL_CONVERSION = YES;
				CLANG_WARN_COMMA = YES;
				CLANG_WARN_CONSTANT_CONVERSION = YES;
				CLANG_WARN_DEPRECATED_OBJC_IMPLEMENTATIONS = YES;
				CLANG_WARN_DIRECT_OBJC_ISA_USAGE = YES_ERROR;
				CLANG_WARN_DOCUMENTATION_COMMENTS = YES;
				CLANG_WARN_EMPTY_BODY = YES;
				CLANG_WARN_ENUM_CONVERSION = YES;
				CLANG_WARN_INFINITE_RECURSION = YES;
				CLANG_WARN_INT_CONVERSION = YES;
				CLANG_WARN_NON_LITERAL_NULL_CONVERSION = YES;
				CLANG_WARN_OBJC_IMPLICIT_RETAIN_SELF = YES;
				CLANG_WARN_OBJC_LITERAL_CONVERSION = YES;
				CLANG_WARN_OBJC_ROOT_CLASS = YES_ERROR;
				CLANG_WARN_QUOTED_INCLUDE_IN_FRAMEWORK_HEADER = YES;
				CLANG_WARN_RANGE_LOOP_ANALYSIS = YES;
				CLANG_WARN_STRICT_PROTOTYPES = YES;
				CLANG_WARN_SUSPICIOUS_MOVE = YES;
				CLANG_WARN_UNGUARDED_AVAILABILITY = YES_AGGRESSIVE;
				CLANG_WARN_UNREACHABLE_CODE = YES;
				CLANG_WARN__DUPLICATE_METHOD_MATCH = YES;
				COPY_PHASE_STRIP = NO;
				DEBUG_INFORMATION_FORMAT = "dwarf-with-dsym";
				ENABLE_NS_ASSERTIONS = NO;
				ENABLE_STRICT_OBJC_MSGSEND = YES;
				GCC_C_LANGUAGE_STANDARD = gnu11;
				GCC_NO_COMMON_BLOCKS = YES;
				GCC_WARN_64_TO_32_BIT_CONVERSION = YES;
				GCC_WARN_ABOUT_RETURN_TYPE = YES_ERROR;
				GCC_WARN_UNDECLARED_SELECTOR = YES;
				GCC_WARN_UNINITIALIZED_AUTOS = YES_AGGRESSIVE;
				GCC_WARN_UNUSED_FUNCTION = YES;
				GCC_WARN_UNUSED_VARIABLE = YES;
				IPHONEOS_DEPLOYMENT_TARGET = 15.5;
				MTL_ENABLE_DEBUG_INFO = NO;
				MTL_FAST_MATH = YES;
				SDKROOT = iphoneos;
				SWIFT_COMPILATION_MODE = wholemodule;
				SWIFT_OPTIMIZATION_LEVEL = "-O";
				VALIDATE_PRODUCT = YES;
			};
			name = Release;
		};
		5AFC8A08286180DC00A2BFD7 /* Debug */ = {
			isa = XCBuildConfiguration;
			buildSettings = {
				ASSETCATALOG_COMPILER_APPICON_NAME = AppIcon;
				ASSETCATALOG_COMPILER_GLOBAL_ACCENT_COLOR_NAME = AccentColor;
				CODE_SIGN_STYLE = Automatic;
				CURRENT_PROJECT_VERSION = 1;
				DEVELOPMENT_ASSET_PATHS = "\"CitiZen/Preview Content\"";
				DEVELOPMENT_TEAM = 56YNX87MHG;
				ENABLE_PREVIEWS = YES;
				GENERATE_INFOPLIST_FILE = YES;
				INFOPLIST_KEY_NSLocationAlwaysAndWhenInUseUsageDescription = "This app needs your location";
				INFOPLIST_KEY_NSLocationAlwaysUsageDescription = "This app needs your location to always detect nearby landmark";
				INFOPLIST_KEY_NSLocationWhenInUseUsageDescription = "This app needs your location to detect nearby landmark";
				INFOPLIST_KEY_UIApplicationSceneManifest_Generation = YES;
				INFOPLIST_KEY_UIApplicationSupportsIndirectInputEvents = YES;
				INFOPLIST_KEY_UILaunchScreen_Generation = YES;
				INFOPLIST_KEY_UISupportedInterfaceOrientations_iPad = "UIInterfaceOrientationPortrait UIInterfaceOrientationPortraitUpsideDown UIInterfaceOrientationLandscapeLeft UIInterfaceOrientationLandscapeRight";
				INFOPLIST_KEY_UISupportedInterfaceOrientations_iPhone = "UIInterfaceOrientationPortrait UIInterfaceOrientationLandscapeLeft UIInterfaceOrientationLandscapeRight";
				LD_RUNPATH_SEARCH_PATHS = (
					"$(inherited)",
					"@executable_path/Frameworks",
				);
				MARKETING_VERSION = 1.0;
				PRODUCT_BUNDLE_IDENTIFIER = com.hafshy.CitiZen;
				PRODUCT_NAME = "$(TARGET_NAME)";
				SWIFT_EMIT_LOC_STRINGS = YES;
				SWIFT_VERSION = 5.0;
				TARGETED_DEVICE_FAMILY = "1,2";
			};
			name = Debug;
		};
		5AFC8A09286180DC00A2BFD7 /* Release */ = {
			isa = XCBuildConfiguration;
			buildSettings = {
				ASSETCATALOG_COMPILER_APPICON_NAME = AppIcon;
				ASSETCATALOG_COMPILER_GLOBAL_ACCENT_COLOR_NAME = AccentColor;
				CODE_SIGN_STYLE = Automatic;
				CURRENT_PROJECT_VERSION = 1;
				DEVELOPMENT_ASSET_PATHS = "\"CitiZen/Preview Content\"";
				DEVELOPMENT_TEAM = 56YNX87MHG;
				ENABLE_PREVIEWS = YES;
				GENERATE_INFOPLIST_FILE = YES;
				INFOPLIST_KEY_NSLocationAlwaysAndWhenInUseUsageDescription = "This app needs your location";
				INFOPLIST_KEY_NSLocationAlwaysUsageDescription = "This app needs your location to always detect nearby landmark";
				INFOPLIST_KEY_NSLocationWhenInUseUsageDescription = "This app needs your location to detect nearby landmark";
				INFOPLIST_KEY_UIApplicationSceneManifest_Generation = YES;
				INFOPLIST_KEY_UIApplicationSupportsIndirectInputEvents = YES;
				INFOPLIST_KEY_UILaunchScreen_Generation = YES;
				INFOPLIST_KEY_UISupportedInterfaceOrientations_iPad = "UIInterfaceOrientationPortrait UIInterfaceOrientationPortraitUpsideDown UIInterfaceOrientationLandscapeLeft UIInterfaceOrientationLandscapeRight";
				INFOPLIST_KEY_UISupportedInterfaceOrientations_iPhone = "UIInterfaceOrientationPortrait UIInterfaceOrientationLandscapeLeft UIInterfaceOrientationLandscapeRight";
				LD_RUNPATH_SEARCH_PATHS = (
					"$(inherited)",
					"@executable_path/Frameworks",
				);
				MARKETING_VERSION = 1.0;
				PRODUCT_BUNDLE_IDENTIFIER = com.hafshy.CitiZen;
				PRODUCT_NAME = "$(TARGET_NAME)";
				SWIFT_EMIT_LOC_STRINGS = YES;
				SWIFT_VERSION = 5.0;
				TARGETED_DEVICE_FAMILY = "1,2";
			};
			name = Release;
		};
/* End XCBuildConfiguration section */

/* Begin XCConfigurationList section */
		5AFC89F4286180DA00A2BFD7 /* Build configuration list for PBXProject "CitiZen" */ = {
			isa = XCConfigurationList;
			buildConfigurations = (
				5AFC8A05286180DC00A2BFD7 /* Debug */,
				5AFC8A06286180DC00A2BFD7 /* Release */,
			);
			defaultConfigurationIsVisible = 0;
			defaultConfigurationName = Release;
		};
		5AFC8A07286180DC00A2BFD7 /* Build configuration list for PBXNativeTarget "CitiZen" */ = {
			isa = XCConfigurationList;
			buildConfigurations = (
				5AFC8A08286180DC00A2BFD7 /* Debug */,
				5AFC8A09286180DC00A2BFD7 /* Release */,
			);
			defaultConfigurationIsVisible = 0;
			defaultConfigurationName = Release;
		};
/* End XCConfigurationList section */

/* Begin XCVersionGroup section */
		5AFC8A122862C48700A2BFD7 /* SavedLocationsDataModel.xcdatamodeld */ = {
			isa = XCVersionGroup;
			children = (
				5AFC8A132862C48700A2BFD7 /* SavedLocationDataModel.xcdatamodel */,
			);
			currentVersion = 5AFC8A132862C48700A2BFD7 /* SavedLocationDataModel.xcdatamodel */;
			path = SavedLocationsDataModel.xcdatamodeld;
			sourceTree = "<group>";
			versionGroupType = wrapper.xcdatamodel;
		};
/* End XCVersionGroup section */
	};
	rootObject = 5AFC89F1286180DA00A2BFD7 /* Project object */;
}
